// !$*UTF8*$!
{
	archiveVersion = 1;
	classes = {
	};
	objectVersion = 46;
	objects = {

/* Begin PBXBuildFile section */
		A593C60C17B35431008B3FCD /* bg_solution@2x.png in Resources */ = {isa = PBXBuildFile; fileRef = A593C60317B35431008B3FCD /* bg_solution@2x.png */; };
		A593C60D17B35431008B3FCD /* bg@2x.jpg in Resources */ = {isa = PBXBuildFile; fileRef = A593C60417B35431008B3FCD /* bg@2x.jpg */; };
		A593C60E17B35431008B3FCD /* btn_input@2x.png in Resources */ = {isa = PBXBuildFile; fileRef = A593C60517B35431008B3FCD /* btn_input@2x.png */; };
		A593C60F17B35431008B3FCD /* btn_letter@2x.png in Resources */ = {isa = PBXBuildFile; fileRef = A593C60617B35431008B3FCD /* btn_letter@2x.png */; };
		A593C61017B35431008B3FCD /* fail.wav in Resources */ = {isa = PBXBuildFile; fileRef = A593C60817B35431008B3FCD /* fail.wav */; };
		A593C61117B35431008B3FCD /* play_ipad.png in Resources */ = {isa = PBXBuildFile; fileRef = A593C60917B35431008B3FCD /* play_ipad.png */; };
		A593C61217B35431008B3FCD /* success.wav in Resources */ = {isa = PBXBuildFile; fileRef = A593C60A17B35431008B3FCD /* success.wav */; };
		A593C61317B35431008B3FCD /* tap.wav in Resources */ = {isa = PBXBuildFile; fileRef = A593C60B17B35431008B3FCD /* tap.wav */; };
		A595CFA917968AD00046122C /* letters.plist in Resources */ = {isa = PBXBuildFile; fileRef = A595CFA817968AD00046122C /* letters.plist */; };
		A5960B35179394340048C553 /* UIKit.framework in Frameworks */ = {isa = PBXBuildFile; fileRef = A5960B34179394340048C553 /* UIKit.framework */; };
		A5960B37179394340048C553 /* Foundation.framework in Frameworks */ = {isa = PBXBuildFile; fileRef = A5960B36179394340048C553 /* Foundation.framework */; };
		A5960B39179394340048C553 /* CoreGraphics.framework in Frameworks */ = {isa = PBXBuildFile; fileRef = A5960B38179394340048C553 /* CoreGraphics.framework */; };
		A5960B3F179394350048C553 /* InfoPlist.strings in Resources */ = {isa = PBXBuildFile; fileRef = A5960B3D179394350048C553 /* InfoPlist.strings */; };
		A5960B41179394350048C553 /* main.m in Sources */ = {isa = PBXBuildFile; fileRef = A5960B40179394350048C553 /* main.m */; };
		A5960B45179394350048C553 /* AppDelegate.m in Sources */ = {isa = PBXBuildFile; fileRef = A5960B44179394350048C553 /* AppDelegate.m */; };
		A5960B47179394350048C553 /* Default.png in Resources */ = {isa = PBXBuildFile; fileRef = A5960B46179394350048C553 /* Default.png */; };
		A5960B49179394350048C553 /* Default@2x.png in Resources */ = {isa = PBXBuildFile; fileRef = A5960B48179394350048C553 /* Default@2x.png */; };
		A5960B4B179394350048C553 /* Default-568h@2x.png in Resources */ = {isa = PBXBuildFile; fileRef = A5960B4A179394350048C553 /* Default-568h@2x.png */; };
		A5960B4E179394350048C553 /* MainStoryboard_iPhone.storyboard in Resources */ = {isa = PBXBuildFile; fileRef = A5960B4C179394350048C553 /* MainStoryboard_iPhone.storyboard */; };
		A5960B51179394350048C553 /* MainStoryboard_iPad.storyboard in Resources */ = {isa = PBXBuildFile; fileRef = A5960B4F179394350048C553 /* MainStoryboard_iPad.storyboard */; };
		A5960B54179394350048C553 /* ViewController.m in Sources */ = {isa = PBXBuildFile; fileRef = A5960B53179394350048C553 /* ViewController.m */; };
		A5960B621793A4620048C553 /* LevelViewController.m in Sources */ = {isa = PBXBuildFile; fileRef = A5960B611793A4620048C553 /* LevelViewController.m */; };
		A5965EF517A7711E002D80CE /* AVFoundation.framework in Frameworks */ = {isa = PBXBuildFile; fileRef = A5965EF417A7711E002D80CE /* AVFoundation.framework */; };
/* End PBXBuildFile section */

/* Begin PBXFileReference section */
		A593C60317B35431008B3FCD /* bg_solution@2x.png */ = {isa = PBXFileReference; lastKnownFileType = image.png; path = "bg_solution@2x.png"; sourceTree = "<group>"; };
		A593C60417B35431008B3FCD /* bg@2x.jpg */ = {isa = PBXFileReference; lastKnownFileType = image.jpeg; path = "bg@2x.jpg"; sourceTree = "<group>"; };
		A593C60517B35431008B3FCD /* btn_input@2x.png */ = {isa = PBXFileReference; lastKnownFileType = image.png; path = "btn_input@2x.png"; sourceTree = "<group>"; };
		A593C60617B35431008B3FCD /* btn_letter@2x.png */ = {isa = PBXFileReference; lastKnownFileType = image.png; path = "btn_letter@2x.png"; sourceTree = "<group>"; };
		A593C60717B35431008B3FCD /* DefineConstants.h */ = {isa = PBXFileReference; fileEncoding = 4; lastKnownFileType = sourcecode.c.h; path = DefineConstants.h; sourceTree = "<group>"; };
		A593C60817B35431008B3FCD /* fail.wav */ = {isa = PBXFileReference; lastKnownFileType = audio.wav; path = fail.wav; sourceTree = "<group>"; };
		A593C60917B35431008B3FCD /* play_ipad.png */ = {isa = PBXFileReference; lastKnownFileType = image.png; path = play_ipad.png; sourceTree = "<group>"; };
		A593C60A17B35431008B3FCD /* success.wav */ = {isa = PBXFileReference; lastKnownFileType = audio.wav; path = success.wav; sourceTree = "<group>"; };
		A593C60B17B35431008B3FCD /* tap.wav */ = {isa = PBXFileReference; lastKnownFileType = audio.wav; path = tap.wav; sourceTree = "<group>"; };
		A595CFA817968AD00046122C /* letters.plist */ = {isa = PBXFileReference; fileEncoding = 4; lastKnownFileType = text.plist.xml; path = letters.plist; sourceTree = "<group>"; };
		A5960B31179394340048C553 /* letters.app */ = {isa = PBXFileReference; explicitFileType = wrapper.application; includeInIndex = 0; path = letters.app; sourceTree = BUILT_PRODUCTS_DIR; };
		A5960B34179394340048C553 /* UIKit.framework */ = {isa = PBXFileReference; lastKnownFileType = wrapper.framework; name = UIKit.framework; path = System/Library/Frameworks/UIKit.framework; sourceTree = SDKROOT; };
		A5960B36179394340048C553 /* Foundation.framework */ = {isa = PBXFileReference; lastKnownFileType = wrapper.framework; name = Foundation.framework; path = System/Library/Frameworks/Foundation.framework; sourceTree = SDKROOT; };
		A5960B38179394340048C553 /* CoreGraphics.framework */ = {isa = PBXFileReference; lastKnownFileType = wrapper.framework; name = CoreGraphics.framework; path = System/Library/Frameworks/CoreGraphics.framework; sourceTree = SDKROOT; };
		A5960B3C179394350048C553 /* letters-Info.plist */ = {isa = PBXFileReference; lastKnownFileType = text.plist.xml; path = "letters-Info.plist"; sourceTree = "<group>"; };
		A5960B3E179394350048C553 /* en */ = {isa = PBXFileReference; lastKnownFileType = text.plist.strings; name = en; path = en.lproj/InfoPlist.strings; sourceTree = "<group>"; };
		A5960B40179394350048C553 /* main.m */ = {isa = PBXFileReference; lastKnownFileType = sourcecode.c.objc; path = main.m; sourceTree = "<group>"; };
		A5960B42179394350048C553 /* letters-Prefix.pch */ = {isa = PBXFileReference; lastKnownFileType = sourcecode.c.h; path = "letters-Prefix.pch"; sourceTree = "<group>"; };
		A5960B43179394350048C553 /* AppDelegate.h */ = {isa = PBXFileReference; lastKnownFileType = sourcecode.c.h; path = AppDelegate.h; sourceTree = "<group>"; };
		A5960B44179394350048C553 /* AppDelegate.m */ = {isa = PBXFileReference; lastKnownFileType = sourcecode.c.objc; path = AppDelegate.m; sourceTree = "<group>"; };
		A5960B46179394350048C553 /* Default.png */ = {isa = PBXFileReference; lastKnownFileType = image.png; path = Default.png; sourceTree = "<group>"; };
		A5960B48179394350048C553 /* Default@2x.png */ = {isa = PBXFileReference; lastKnownFileType = image.png; path = "Default@2x.png"; sourceTree = "<group>"; };
		A5960B4A179394350048C553 /* Default-568h@2x.png */ = {isa = PBXFileReference; lastKnownFileType = image.png; path = "Default-568h@2x.png"; sourceTree = "<group>"; };
		A5960B4D179394350048C553 /* en */ = {isa = PBXFileReference; lastKnownFileType = file.storyboard; name = en; path = en.lproj/MainStoryboard_iPhone.storyboard; sourceTree = "<group>"; };
		A5960B50179394350048C553 /* en */ = {isa = PBXFileReference; lastKnownFileType = file.storyboard; name = en; path = en.lproj/MainStoryboard_iPad.storyboard; sourceTree = "<group>"; };
		A5960B52179394350048C553 /* ViewController.h */ = {isa = PBXFileReference; lastKnownFileType = sourcecode.c.h; path = ViewController.h; sourceTree = "<group>"; };
		A5960B53179394350048C553 /* ViewController.m */ = {isa = PBXFileReference; lastKnownFileType = sourcecode.c.objc; path = ViewController.m; sourceTree = "<group>"; };
		A5960B601793A4620048C553 /* LevelViewController.h */ = {isa = PBXFileReference; fileEncoding = 4; lastKnownFileType = sourcecode.c.h; name = LevelViewController.h; path = letters/LevelViewController.h; sourceTree = "<group>"; };
		A5960B611793A4620048C553 /* LevelViewController.m */ = {isa = PBXFileReference; fileEncoding = 4; lastKnownFileType = sourcecode.c.objc; name = LevelViewController.m; path = letters/LevelViewController.m; sourceTree = "<group>"; };
		A5965EF417A7711E002D80CE /* AVFoundation.framework */ = {isa = PBXFileReference; lastKnownFileType = wrapper.framework; name = AVFoundation.framework; path = System/Library/Frameworks/AVFoundation.framework; sourceTree = SDKROOT; };
/* End PBXFileReference section */

/* Begin PBXFrameworksBuildPhase section */
		A5960B2E179394340048C553 /* Frameworks */ = {
			isa = PBXFrameworksBuildPhase;
			buildActionMask = 2147483647;
			files = (
				A5965EF517A7711E002D80CE /* AVFoundation.framework in Frameworks */,
				A5960B35179394340048C553 /* UIKit.framework in Frameworks */,
				A5960B37179394340048C553 /* Foundation.framework in Frameworks */,
				A5960B39179394340048C553 /* CoreGraphics.framework in Frameworks */,
			);
			runOnlyForDeploymentPostprocessing = 0;
		};
/* End PBXFrameworksBuildPhase section */

/* Begin PBXGroup section */
		A5960B28179394340048C553 = {
			isa = PBXGroup;
			children = (
				A5965EF417A7711E002D80CE /* AVFoundation.framework */,
				A595CFA817968AD00046122C /* letters.plist */,
				A5960B601793A4620048C553 /* LevelViewController.h */,
				A5960B611793A4620048C553 /* LevelViewController.m */,
				A5960B3A179394350048C553 /* letters */,
				A5960B33179394340048C553 /* Frameworks */,
				A5960B32179394340048C553 /* Products */,
			);
			sourceTree = "<group>";
		};
		A5960B32179394340048C553 /* Products */ = {
			isa = PBXGroup;
			children = (
				A5960B31179394340048C553 /* letters.app */,
			);
			name = Products;
			sourceTree = "<group>";
		};
		A5960B33179394340048C553 /* Frameworks */ = {
			isa = PBXGroup;
			children = (
				A5960B34179394340048C553 /* UIKit.framework */,
				A5960B36179394340048C553 /* Foundation.framework */,
				A5960B38179394340048C553 /* CoreGraphics.framework */,
			);
			name = Frameworks;
			sourceTree = "<group>";
		};
		A5960B3A179394350048C553 /* letters */ = {
			isa = PBXGroup;
			children = (
				A593C60317B35431008B3FCD /* bg_solution@2x.png */,
				A593C60417B35431008B3FCD /* bg@2x.jpg */,
				A593C60517B35431008B3FCD /* btn_input@2x.png */,
				A593C60617B35431008B3FCD /* btn_letter@2x.png */,
				A593C60717B35431008B3FCD /* DefineConstants.h */,
				A593C60817B35431008B3FCD /* fail.wav */,
				A593C60917B35431008B3FCD /* play_ipad.png */,
				A593C60A17B35431008B3FCD /* success.wav */,
				A593C60B17B35431008B3FCD /* tap.wav */,
				A5960B43179394350048C553 /* AppDelegate.h */,
				A5960B44179394350048C553 /* AppDelegate.m */,
				A5960B4C179394350048C553 /* MainStoryboard_iPhone.storyboard */,
				A5960B4F179394350048C553 /* MainStoryboard_iPad.storyboard */,
				A5960B52179394350048C553 /* ViewController.h */,
				A5960B53179394350048C553 /* ViewController.m */,
				A5960B3B179394350048C553 /* Supporting Files */,
			);
			path = letters;
			sourceTree = "<group>";
		};
		A5960B3B179394350048C553 /* Supporting Files */ = {
			isa = PBXGroup;
			children = (
				A5960B3C179394350048C553 /* letters-Info.plist */,
				A5960B3D179394350048C553 /* InfoPlist.strings */,
				A5960B40179394350048C553 /* main.m */,
				A5960B42179394350048C553 /* letters-Prefix.pch */,
				A5960B46179394350048C553 /* Default.png */,
				A5960B48179394350048C553 /* Default@2x.png */,
				A5960B4A179394350048C553 /* Default-568h@2x.png */,
			);
			name = "Supporting Files";
			sourceTree = "<group>";
		};
/* End PBXGroup section */

/* Begin PBXNativeTarget section */
		A5960B30179394340048C553 /* letters */ = {
			isa = PBXNativeTarget;
			buildConfigurationList = A5960B57179394350048C553 /* Build configuration list for PBXNativeTarget "letters" */;
			buildPhases = (
				A5960B2D179394340048C553 /* Sources */,
				A5960B2E179394340048C553 /* Frameworks */,
				A5960B2F179394340048C553 /* Resources */,
			);
			buildRules = (
			);
			dependencies = (
			);
			name = letters;
			productName = letters;
			productReference = A5960B31179394340048C553 /* letters.app */;
			productType = "com.apple.product-type.application";
		};
/* End PBXNativeTarget section */

/* Begin PBXProject section */
		A5960B29179394340048C553 /* Project object */ = {
			isa = PBXProject;
			attributes = {
				LastUpgradeCheck = 0460;
				ORGANIZATIONNAME = benke;
			};
			buildConfigurationList = A5960B2C179394340048C553 /* Build configuration list for PBXProject "letters" */;
			compatibilityVersion = "Xcode 3.2";
			developmentRegion = English;
			hasScannedForEncodings = 0;
			knownRegions = (
				en,
			);
			mainGroup = A5960B28179394340048C553;
			productRefGroup = A5960B32179394340048C553 /* Products */;
			projectDirPath = "";
			projectRoot = "";
			targets = (
				A5960B30179394340048C553 /* letters */,
			);
		};
/* End PBXProject section */

/* Begin PBXResourcesBuildPhase section */
		A5960B2F179394340048C553 /* Resources */ = {
			isa = PBXResourcesBuildPhase;
			buildActionMask = 2147483647;
			files = (
				A5960B3F179394350048C553 /* InfoPlist.strings in Resources */,
				A5960B47179394350048C553 /* Default.png in Resources */,
				A5960B49179394350048C553 /* Default@2x.png in Resources */,
				A5960B4B179394350048C553 /* Default-568h@2x.png in Resources */,
				A5960B4E179394350048C553 /* MainStoryboard_iPhone.storyboard in Resources */,
				A5960B51179394350048C553 /* MainStoryboard_iPad.storyboard in Resources */,
				A595CFA917968AD00046122C /* letters.plist in Resources */,
				A593C60C17B35431008B3FCD /* bg_solution@2x.png in Resources */,
				A593C60D17B35431008B3FCD /* bg@2x.jpg in Resources */,
				A593C60E17B35431008B3FCD /* btn_input@2x.png in Resources */,
				A593C60F17B35431008B3FCD /* btn_letter@2x.png in Resources */,
				A593C61017B35431008B3FCD /* fail.wav in Resources */,
				A593C61117B35431008B3FCD /* play_ipad.png in Resources */,
				A593C61217B35431008B3FCD /* success.wav in Resources */,
				A593C61317B35431008B3FCD /* tap.wav in Resources */,
			);
			runOnlyForDeploymentPostprocessing = 0;
		};
/* End PBXResourcesBuildPhase section */

/* Begin PBXSourcesBuildPhase section */
		A5960B2D179394340048C553 /* Sources */ = {
			isa = PBXSourcesBuildPhase;
			buildActionMask = 2147483647;
			files = (
				A5960B41179394350048C553 /* main.m in Sources */,
				A5960B45179394350048C553 /* AppDelegate.m in Sources */,
				A5960B54179394350048C553 /* ViewController.m in Sources */,
				A5960B621793A4620048C553 /* LevelViewController.m in Sources */,
			);
			runOnlyForDeploymentPostprocessing = 0;
		};
/* End PBXSourcesBuildPhase section */

/* Begin PBXVariantGroup section */
		A5960B3D179394350048C553 /* InfoPlist.strings */ = {
			isa = PBXVariantGroup;
			children = (
				A5960B3E179394350048C553 /* en */,
			);
			name = InfoPlist.strings;
			sourceTree = "<group>";
		};
		A5960B4C179394350048C553 /* MainStoryboard_iPhone.storyboard */ = {
			isa = PBXVariantGroup;
			children = (
				A5960B4D179394350048C553 /* en */,
			);
			name = MainStoryboard_iPhone.storyboard;
			sourceTree = "<group>";
		};
		A5960B4F179394350048C553 /* MainStoryboard_iPad.storyboard */ = {
			isa = PBXVariantGroup;
			children = (
				A5960B50179394350048C553 /* en */,
			);
			name = MainStoryboard_iPad.storyboard;
			sourceTree = "<group>";
		};
/* End PBXVariantGroup section */

/* Begin XCBuildConfiguration section */
		A5960B55179394350048C553 /* Debug */ = {
			isa = XCBuildConfiguration;
			buildSettings = {
				ALWAYS_SEARCH_USER_PATHS = NO;
				CLANG_CXX_LANGUAGE_STANDARD = "gnu++0x";
				CLANG_CXX_LIBRARY = "libc++";
				CLANG_ENABLE_OBJC_ARC = YES;
				CLANG_WARN_CONSTANT_CONVERSION = YES;
				CLANG_WARN_EMPTY_BODY = YES;
				CLANG_WARN_ENUM_CONVERSION = YES;
				CLANG_WARN_INT_CONVERSION = YES;
				CLANG_WARN__DUPLICATE_METHOD_MATCH = YES;
				"CODE_SIGN_IDENTITY[sdk=iphoneos*]" = "iPhone Developer";
				COPY_PHASE_STRIP = NO;
				GCC_C_LANGUAGE_STANDARD = gnu99;
				GCC_DYNAMIC_NO_PIC = NO;
				GCC_OPTIMIZATION_LEVEL = 0;
				GCC_PREPROCESSOR_DEFINITIONS = (
					"DEBUG=1",
					"$(inherited)",
				);
				GCC_SYMBOLS_PRIVATE_EXTERN = NO;
				GCC_WARN_ABOUT_RETURN_TYPE = YES;
				GCC_WARN_UNINITIALIZED_AUTOS = YES;
				GCC_WARN_UNUSED_VARIABLE = YES;
				IPHONEOS_DEPLOYMENT_TARGET = 6.1;
				ONLY_ACTIVE_ARCH = YES;
				SDKROOT = iphoneos;
				TARGETED_DEVICE_FAMILY = "1,2";
			};
			name = Debug;
		};
		A5960B56179394350048C553 /* Release */ = {
			isa = XCBuildConfiguration;
			buildSettings = {
				ALWAYS_SEARCH_USER_PATHS = NO;
				CLANG_CXX_LANGUAGE_STANDARD = "gnu++0x";
				CLANG_CXX_LIBRARY = "libc++";
				CLANG_ENABLE_OBJC_ARC = YES;
				CLANG_WARN_CONSTANT_CONVERSION = YES;
				CLANG_WARN_EMPTY_BODY = YES;
				CLANG_WARN_ENUM_CONVERSION = YES;
				CLANG_WARN_INT_CONVERSION = YES;
				CLANG_WARN__DUPLICATE_METHOD_MATCH = YES;
				"CODE_SIGN_IDENTITY[sdk=iphoneos*]" = "iPhone Developer";
				COPY_PHASE_STRIP = YES;
				GCC_C_LANGUAGE_STANDARD = gnu99;
				GCC_WARN_ABOUT_RETURN_TYPE = YES;
				GCC_WARN_UNINITIALIZED_AUTOS = YES;
				GCC_WARN_UNUSED_VARIABLE = YES;
				IPHONEOS_DEPLOYMENT_TARGET = 6.1;
				OTHER_CFLAGS = "-DNS_BLOCK_ASSERTIONS=1";
				SDKROOT = iphoneos;
				TARGETED_DEVICE_FAMILY = "1,2";
				VALIDATE_PRODUCT = YES;
			};
			name = Release;
		};
		A5960B58179394350048C553 /* Debug */ = {
			isa = XCBuildConfiguration;
			buildSettings = {
				GCC_PRECOMPILE_PREFIX_HEADER = YES;
				GCC_PREFIX_HEADER = "letters/letters-Prefix.pch";
				INFOPLIST_FILE = "letters/letters-Info.plist";
				PRODUCT_NAME = "$(TARGET_NAME)";
				WRAPPER_EXTENSION = app;
			};
			name = Debug;
		};
		A5960B59179394350048C553 /* Release */ = {
			isa = XCBuildConfiguration;
			buildSettings = {
				GCC_PRECOMPILE_PREFIX_HEADER = YES;
				GCC_PREFIX_HEADER = "letters/letters-Prefix.pch";
				INFOPLIST_FILE = "letters/letters-Info.plist";
				PRODUCT_NAME = "$(TARGET_NAME)";
				WRAPPER_EXTENSION = app;
			};
			name = Release;
		};
/* End XCBuildConfiguration section */

/* Begin XCConfigurationList section */
		A5960B2C179394340048C553 /* Build configuration list for PBXProject "letters" */ = {
			isa = XCConfigurationList;
			buildConfigurations = (
				A5960B55179394350048C553 /* Debug */,
				A5960B56179394350048C553 /* Release */,
			);
			defaultConfigurationIsVisible = 0;
			defaultConfigurationName = Release;
		};
		A5960B57179394350048C553 /* Build configuration list for PBXNativeTarget "letters" */ = {
			isa = XCConfigurationList;
			buildConfigurations = (
				A5960B58179394350048C553 /* Debug */,
				A5960B59179394350048C553 /* Release */,
			);
			defaultConfigurationIsVisible = 0;
			defaultConfigurationName = Release;
		};
/* End XCConfigurationList section */
	};
	rootObject = A5960B29179394340048C553 /* Project object */;
}
